# This file is automatically @generated by Poetry 2.1.2 and should not be changed by hand.

[[package]]
name = "tasklib"
version = "2.5.1"
description = "Official Taskwarrior library for Python"
optional = false
python-versions = "*"
groups = ["main"]
files = [
    {file = "tasklib-2.5.1.tar.gz", hash = "sha256:5ccd731b52636dd10457a8b8d858cb0d026ffaab1e3e751baf791bf803e37d7b"},
]

[metadata]
lock-version = "2.1"
python-versions = ">=3.13"
content-hash = "a92d9dfe5ff6e8561f2cb4194fa8e6ff949f41382f7668b37c34055dba534253"
